
Microsoft Visual Studio Solution File, Format Version 12.00
# Visual Studio Version 16
VisualStudioVersion = 16.0.29709.97
MinimumVisualStudioVersion = 10.0.40219.1
Project("{8BC9CEB8-8B4A-11D0-8D11-00A0C91BC942}") = "线性表的顺序存储", "线性表的顺序存储.vcxproj", "{F9EC54EC-3555-4139-9C66-EF5D30CCD987}"
EndProject
Project("{8BC9CEB8-8B4A-11D0-8D11-00A0C91BC942}") = "线性表的链式存储", "..\线性表的链式存储\线性表的链式存储.vcxproj", "{2BE672EE-56B8-471A-877C-ABBBF503BB82}"
EndProject
Project("{8BC9CEB8-8B4A-11D0-8D11-00A0C91BC942}") = "循环链表", "..\循环链表\循环链表.vcxproj", "{A12AED79-602D-4616-94B8-2F7BDB097E09}"
EndProject
Project("{8BC9CEB8-8B4A-11D0-8D11-00A0C91BC942}") = "test", "..\test\test.vcxproj", "{093EE9F9-46A2-4202-B3D6-901946BD3616}"
EndProject
Project("{8BC9CEB8-8B4A-11D0-8D11-00A0C91BC942}") = "线性链表的顺序存储第二遍", "..\线性链表的顺序存储第二遍\线性链表的顺序存储第二遍.vcxproj", "{849618B7-3CB7-4A2D-9D88-D230759A4788}"
EndProject
Project("{8BC9CEB8-8B4A-11D0-8D11-00A0C91BC942}") = "线性表的链式存储第二遍", "..\线性表的链式存储第二遍\线性表的链式存储第二遍.vcxproj", "{612E3F90-1AC4-4CC4-8584-191FA8FE94E0}"
EndProject
Project("{8BC9CEB8-8B4A-11D0-8D11-00A0C91BC942}") = "循环链表第二遍", "..\循环链表第二遍\循环链表第二遍.vcxproj", "{F910704D-A77A-4A89-BB9F-30A4CDEC71E9}"
EndProject
Project("{8BC9CEB8-8B4A-11D0-8D11-00A0C91BC942}") = "双向链表", "..\双向链表\双向链表.vcxproj", "{9B872160-0207-4C54-926A-7FE19E701864}"
EndProject
Project("{8BC9CEB8-8B4A-11D0-8D11-00A0C91BC942}") = "顺序栈", "..\顺序栈\顺序栈.vcxproj", "{06ECA0C6-0398-4EA6-92AA-2357B90C861E}"
EndProject
Project("{8BC9CEB8-8B4A-11D0-8D11-00A0C91BC942}") = "线性表的链式存储第3遍", "..\线性表的链式存储第3遍\线性表的链式存储第3遍.vcxproj", "{8A5833A2-9FB1-45E6-A158-F7AD720F6270}"
EndProject
Project("{8BC9CEB8-8B4A-11D0-8D11-00A0C91BC942}") = "链栈", "..\linkStack\linkStack.vcxproj", "{6E08DAA6-488D-4F74-98D8-CFFB656980A8}"
EndProject
Project("{8BC9CEB8-8B4A-11D0-8D11-00A0C91BC942}") = "就近匹配", "..\就近匹配\就近匹配.vcxproj", "{37FEBDA6-25EF-4D3D-9F8E-46C0FCF66BE1}"
EndProject
Project("{8BC9CEB8-8B4A-11D0-8D11-00A0C91BC942}") = "双向链表第二遍", "..\双向链表第二遍\双向链表第二遍.vcxproj", "{24FDA766-89CC-46E5-A9F4-CBFFB32E367E}"
EndProject
Project("{8BC9CEB8-8B4A-11D0-8D11-00A0C91BC942}") = "顺序栈第二遍", "..\顺序栈第二遍\顺序栈第二遍.vcxproj", "{B8A0EEB7-8A72-42F4-8673-8A90D8643109}"
EndProject
Project("{8BC9CEB8-8B4A-11D0-8D11-00A0C91BC942}") = "循环链表第三遍", "..\循环链表第三遍\循环链表第三遍.vcxproj", "{7304B232-8902-4E24-BFE8-76F8EF35DFBA}"
EndProject
Project("{8BC9CEB8-8B4A-11D0-8D11-00A0C91BC942}") = "链栈第二遍", "..\链栈第二遍\链栈第二遍.vcxproj", "{0440453F-AD45-479D-89B6-1AD20DAB936B}"
EndProject
Project("{8BC9CEB8-8B4A-11D0-8D11-00A0C91BC942}") = "中缀转后缀", "..\中缀转后缀\中缀转后缀.vcxproj", "{2171FF81-AAA8-4412-86CF-8B75ACD4F2AA}"
EndProject
Project("{8BC9CEB8-8B4A-11D0-8D11-00A0C91BC942}") = "队列的顺序存储", "..\队列的顺序存储\队列的顺序存储.vcxproj", "{9180D993-F1E0-48B2-8319-3E7469FFCB04}"
EndProject
Project("{8BC9CEB8-8B4A-11D0-8D11-00A0C91BC942}") = "链式队列", "..\链式队列\链式队列.vcxproj", "{F730EC05-122C-4B86-9058-DD3B4FB9CEE2}"
EndProject
Project("{8BC9CEB8-8B4A-11D0-8D11-00A0C91BC942}") = "树的表示法", "..\树的表示法\树的表示法.vcxproj", "{119A0E48-7313-4CD2-AE82-FA9B8113E8DE}"
EndProject
Project("{8BC9CEB8-8B4A-11D0-8D11-00A0C91BC942}") = "链栈第三遍", "..\链栈第三遍\链栈第三遍.vcxproj", "{BBE96CFF-8D17-4FC9-95F1-4CB35FB39084}"
EndProject
Project("{8BC9CEB8-8B4A-11D0-8D11-00A0C91BC942}") = "树的非递归遍历", "..\树的非递归遍历\树的非递归遍历.vcxproj", "{942EBB64-74F6-4A8B-A082-08011FE08674}"
EndProject
Project("{8BC9CEB8-8B4A-11D0-8D11-00A0C91BC942}") = "树的表示方法第二遍", "..\树的表示方法第二遍\树的表示方法第二遍.vcxproj", "{EB117128-6929-450A-932D-A600A54015EF}"
EndProject
Project("{8BC9CEB8-8B4A-11D0-8D11-00A0C91BC942}") = "线性链表顺序存储c++实现", "..\线性链表顺序存储c++实现\线性链表顺序存储c++实现.vcxproj", "{38BF7627-E7B8-4405-8B49-5453164E1FF6}"
EndProject
Project("{8BC9CEB8-8B4A-11D0-8D11-00A0C91BC942}") = "链式队列第二遍", "..\链式队列第二遍\链式队列第二遍.vcxproj", "{F2666E63-EAC3-4C6B-A942-66859720607C}"
EndProject
Project("{8BC9CEB8-8B4A-11D0-8D11-00A0C91BC942}") = "排序算法", "..\排序算法\排序算法.vcxproj", "{13D25393-1A96-4375-84D4-FB5EF17BDA86}"
EndProject
Project("{8BC9CEB8-8B4A-11D0-8D11-00A0C91BC942}") = "链表c++实现", "..\链表c++实现\链表c++实现.vcxproj", "{B85543E2-DB36-40E5-9904-B1595F0BFEB9}"
EndProject
Project("{8BC9CEB8-8B4A-11D0-8D11-00A0C91BC942}") = "排序", "..\排序\排序.vcxproj", "{6112689F-383B-40C4-ADE3-ED382C1411AE}"
EndProject
Global
	GlobalSection(SolutionConfigurationPlatforms) = preSolution
		Debug|x64 = Debug|x64
		Debug|x86 = Debug|x86
		Release|x64 = Release|x64
		Release|x86 = Release|x86
	EndGlobalSection
	GlobalSection(ProjectConfigurationPlatforms) = postSolution
		{F9EC54EC-3555-4139-9C66-EF5D30CCD987}.Debug|x64.ActiveCfg = Debug|x64
		{F9EC54EC-3555-4139-9C66-EF5D30CCD987}.Debug|x64.Build.0 = Debug|x64
		{F9EC54EC-3555-4139-9C66-EF5D30CCD987}.Debug|x86.ActiveCfg = Debug|Win32
		{F9EC54EC-3555-4139-9C66-EF5D30CCD987}.Debug|x86.Build.0 = Debug|Win32
		{F9EC54EC-3555-4139-9C66-EF5D30CCD987}.Release|x64.ActiveCfg = Release|x64
		{F9EC54EC-3555-4139-9C66-EF5D30CCD987}.Release|x64.Build.0 = Release|x64
		{F9EC54EC-3555-4139-9C66-EF5D30CCD987}.Release|x86.ActiveCfg = Release|Win32
		{F9EC54EC-3555-4139-9C66-EF5D30CCD987}.Release|x86.Build.0 = Release|Win32
		{2BE672EE-56B8-471A-877C-ABBBF503BB82}.Debug|x64.ActiveCfg = Debug|x64
		{2BE672EE-56B8-471A-877C-ABBBF503BB82}.Debug|x64.Build.0 = Debug|x64
		{2BE672EE-56B8-471A-877C-ABBBF503BB82}.Debug|x86.ActiveCfg = Debug|Win32
		{2BE672EE-56B8-471A-877C-ABBBF503BB82}.Debug|x86.Build.0 = Debug|Win32
		{2BE672EE-56B8-471A-877C-ABBBF503BB82}.Release|x64.ActiveCfg = Release|x64
		{2BE672EE-56B8-471A-877C-ABBBF503BB82}.Release|x64.Build.0 = Release|x64
		{2BE672EE-56B8-471A-877C-ABBBF503BB82}.Release|x86.ActiveCfg = Release|Win32
		{2BE672EE-56B8-471A-877C-ABBBF503BB82}.Release|x86.Build.0 = Release|Win32
		{A12AED79-602D-4616-94B8-2F7BDB097E09}.Debug|x64.ActiveCfg = Debug|x64
		{A12AED79-602D-4616-94B8-2F7BDB097E09}.Debug|x64.Build.0 = Debug|x64
		{A12AED79-602D-4616-94B8-2F7BDB097E09}.Debug|x86.ActiveCfg = Debug|Win32
		{A12AED79-602D-4616-94B8-2F7BDB097E09}.Debug|x86.Build.0 = Debug|Win32
		{A12AED79-602D-4616-94B8-2F7BDB097E09}.Release|x64.ActiveCfg = Release|x64
		{A12AED79-602D-4616-94B8-2F7BDB097E09}.Release|x64.Build.0 = Release|x64
		{A12AED79-602D-4616-94B8-2F7BDB097E09}.Release|x86.ActiveCfg = Release|Win32
		{A12AED79-602D-4616-94B8-2F7BDB097E09}.Release|x86.Build.0 = Release|Win32
		{093EE9F9-46A2-4202-B3D6-901946BD3616}.Debug|x64.ActiveCfg = Debug|x64
		{093EE9F9-46A2-4202-B3D6-901946BD3616}.Debug|x64.Build.0 = Debug|x64
		{093EE9F9-46A2-4202-B3D6-901946BD3616}.Debug|x86.ActiveCfg = Debug|Win32
		{093EE9F9-46A2-4202-B3D6-901946BD3616}.Debug|x86.Build.0 = Debug|Win32
		{093EE9F9-46A2-4202-B3D6-901946BD3616}.Release|x64.ActiveCfg = Release|x64
		{093EE9F9-46A2-4202-B3D6-901946BD3616}.Release|x64.Build.0 = Release|x64
		{093EE9F9-46A2-4202-B3D6-901946BD3616}.Release|x86.ActiveCfg = Release|Win32
		{093EE9F9-46A2-4202-B3D6-901946BD3616}.Release|x86.Build.0 = Release|Win32
		{849618B7-3CB7-4A2D-9D88-D230759A4788}.Debug|x64.ActiveCfg = Debug|x64
		{849618B7-3CB7-4A2D-9D88-D230759A4788}.Debug|x64.Build.0 = Debug|x64
		{849618B7-3CB7-4A2D-9D88-D230759A4788}.Debug|x86.ActiveCfg = Debug|Win32
		{849618B7-3CB7-4A2D-9D88-D230759A4788}.Debug|x86.Build.0 = Debug|Win32
		{849618B7-3CB7-4A2D-9D88-D230759A4788}.Release|x64.ActiveCfg = Release|x64
		{849618B7-3CB7-4A2D-9D88-D230759A4788}.Release|x64.Build.0 = Release|x64
		{849618B7-3CB7-4A2D-9D88-D230759A4788}.Release|x86.ActiveCfg = Release|Win32
		{849618B7-3CB7-4A2D-9D88-D230759A4788}.Release|x86.Build.0 = Release|Win32
		{612E3F90-1AC4-4CC4-8584-191FA8FE94E0}.Debug|x64.ActiveCfg = Debug|x64
		{612E3F90-1AC4-4CC4-8584-191FA8FE94E0}.Debug|x64.Build.0 = Debug|x64
		{612E3F90-1AC4-4CC4-8584-191FA8FE94E0}.Debug|x86.ActiveCfg = Debug|Win32
		{612E3F90-1AC4-4CC4-8584-191FA8FE94E0}.Debug|x86.Build.0 = Debug|Win32
		{612E3F90-1AC4-4CC4-8584-191FA8FE94E0}.Release|x64.ActiveCfg = Release|x64
		{612E3F90-1AC4-4CC4-8584-191FA8FE94E0}.Release|x64.Build.0 = Release|x64
		{612E3F90-1AC4-4CC4-8584-191FA8FE94E0}.Release|x86.ActiveCfg = Release|Win32
		{612E3F90-1AC4-4CC4-8584-191FA8FE94E0}.Release|x86.Build.0 = Release|Win32
		{F910704D-A77A-4A89-BB9F-30A4CDEC71E9}.Debug|x64.ActiveCfg = Debug|x64
		{F910704D-A77A-4A89-BB9F-30A4CDEC71E9}.Debug|x64.Build.0 = Debug|x64
		{F910704D-A77A-4A89-BB9F-30A4CDEC71E9}.Debug|x86.ActiveCfg = Debug|Win32
		{F910704D-A77A-4A89-BB9F-30A4CDEC71E9}.Debug|x86.Build.0 = Debug|Win32
		{F910704D-A77A-4A89-BB9F-30A4CDEC71E9}.Release|x64.ActiveCfg = Release|x64
		{F910704D-A77A-4A89-BB9F-30A4CDEC71E9}.Release|x64.Build.0 = Release|x64
		{F910704D-A77A-4A89-BB9F-30A4CDEC71E9}.Release|x86.ActiveCfg = Release|Win32
		{F910704D-A77A-4A89-BB9F-30A4CDEC71E9}.Release|x86.Build.0 = Release|Win32
		{9B872160-0207-4C54-926A-7FE19E701864}.Debug|x64.ActiveCfg = Debug|x64
		{9B872160-0207-4C54-926A-7FE19E701864}.Debug|x64.Build.0 = Debug|x64
		{9B872160-0207-4C54-926A-7FE19E701864}.Debug|x86.ActiveCfg = Debug|Win32
		{9B872160-0207-4C54-926A-7FE19E701864}.Debug|x86.Build.0 = Debug|Win32
		{9B872160-0207-4C54-926A-7FE19E701864}.Release|x64.ActiveCfg = Release|x64
		{9B872160-0207-4C54-926A-7FE19E701864}.Release|x64.Build.0 = Release|x64
		{9B872160-0207-4C54-926A-7FE19E701864}.Release|x86.ActiveCfg = Release|Win32
		{9B872160-0207-4C54-926A-7FE19E701864}.Release|x86.Build.0 = Release|Win32
		{06ECA0C6-0398-4EA6-92AA-2357B90C861E}.Debug|x64.ActiveCfg = Debug|x64
		{06ECA0C6-0398-4EA6-92AA-2357B90C861E}.Debug|x64.Build.0 = Debug|x64
		{06ECA0C6-0398-4EA6-92AA-2357B90C861E}.Debug|x86.ActiveCfg = Debug|Win32
		{06ECA0C6-0398-4EA6-92AA-2357B90C861E}.Debug|x86.Build.0 = Debug|Win32
		{06ECA0C6-0398-4EA6-92AA-2357B90C861E}.Release|x64.ActiveCfg = Release|x64
		{06ECA0C6-0398-4EA6-92AA-2357B90C861E}.Release|x64.Build.0 = Release|x64
		{06ECA0C6-0398-4EA6-92AA-2357B90C861E}.Release|x86.ActiveCfg = Release|Win32
		{06ECA0C6-0398-4EA6-92AA-2357B90C861E}.Release|x86.Build.0 = Release|Win32
		{8A5833A2-9FB1-45E6-A158-F7AD720F6270}.Debug|x64.ActiveCfg = Debug|x64
		{8A5833A2-9FB1-45E6-A158-F7AD720F6270}.Debug|x64.Build.0 = Debug|x64
		{8A5833A2-9FB1-45E6-A158-F7AD720F6270}.Debug|x86.ActiveCfg = Debug|Win32
		{8A5833A2-9FB1-45E6-A158-F7AD720F6270}.Debug|x86.Build.0 = Debug|Win32
		{8A5833A2-9FB1-45E6-A158-F7AD720F6270}.Release|x64.ActiveCfg = Release|x64
		{8A5833A2-9FB1-45E6-A158-F7AD720F6270}.Release|x64.Build.0 = Release|x64
		{8A5833A2-9FB1-45E6-A158-F7AD720F6270}.Release|x86.ActiveCfg = Release|Win32
		{8A5833A2-9FB1-45E6-A158-F7AD720F6270}.Release|x86.Build.0 = Release|Win32
		{6E08DAA6-488D-4F74-98D8-CFFB656980A8}.Debug|x64.ActiveCfg = Debug|x64
		{6E08DAA6-488D-4F74-98D8-CFFB656980A8}.Debug|x64.Build.0 = Debug|x64
		{6E08DAA6-488D-4F74-98D8-CFFB656980A8}.Debug|x86.ActiveCfg = Debug|Win32
		{6E08DAA6-488D-4F74-98D8-CFFB656980A8}.Debug|x86.Build.0 = Debug|Win32
		{6E08DAA6-488D-4F74-98D8-CFFB656980A8}.Release|x64.ActiveCfg = Release|x64
		{6E08DAA6-488D-4F74-98D8-CFFB656980A8}.Release|x64.Build.0 = Release|x64
		{6E08DAA6-488D-4F74-98D8-CFFB656980A8}.Release|x86.ActiveCfg = Release|Win32
		{6E08DAA6-488D-4F74-98D8-CFFB656980A8}.Release|x86.Build.0 = Release|Win32
		{37FEBDA6-25EF-4D3D-9F8E-46C0FCF66BE1}.Debug|x64.ActiveCfg = Debug|x64
		{37FEBDA6-25EF-4D3D-9F8E-46C0FCF66BE1}.Debug|x64.Build.0 = Debug|x64
		{37FEBDA6-25EF-4D3D-9F8E-46C0FCF66BE1}.Debug|x86.ActiveCfg = Debug|Win32
		{37FEBDA6-25EF-4D3D-9F8E-46C0FCF66BE1}.Debug|x86.Build.0 = Debug|Win32
		{37FEBDA6-25EF-4D3D-9F8E-46C0FCF66BE1}.Release|x64.ActiveCfg = Release|x64
		{37FEBDA6-25EF-4D3D-9F8E-46C0FCF66BE1}.Release|x64.Build.0 = Release|x64
		{37FEBDA6-25EF-4D3D-9F8E-46C0FCF66BE1}.Release|x86.ActiveCfg = Release|Win32
		{37FEBDA6-25EF-4D3D-9F8E-46C0FCF66BE1}.Release|x86.Build.0 = Release|Win32
		{24FDA766-89CC-46E5-A9F4-CBFFB32E367E}.Debug|x64.ActiveCfg = Debug|x64
		{24FDA766-89CC-46E5-A9F4-CBFFB32E367E}.Debug|x64.Build.0 = Debug|x64
		{24FDA766-89CC-46E5-A9F4-CBFFB32E367E}.Debug|x86.ActiveCfg = Debug|Win32
		{24FDA766-89CC-46E5-A9F4-CBFFB32E367E}.Debug|x86.Build.0 = Debug|Win32
		{24FDA766-89CC-46E5-A9F4-CBFFB32E367E}.Release|x64.ActiveCfg = Release|x64
		{24FDA766-89CC-46E5-A9F4-CBFFB32E367E}.Release|x64.Build.0 = Release|x64
		{24FDA766-89CC-46E5-A9F4-CBFFB32E367E}.Release|x86.ActiveCfg = Release|Win32
		{24FDA766-89CC-46E5-A9F4-CBFFB32E367E}.Release|x86.Build.0 = Release|Win32
		{B8A0EEB7-8A72-42F4-8673-8A90D8643109}.Debug|x64.ActiveCfg = Debug|x64
		{B8A0EEB7-8A72-42F4-8673-8A90D8643109}.Debug|x64.Build.0 = Debug|x64
		{B8A0EEB7-8A72-42F4-8673-8A90D8643109}.Debug|x86.ActiveCfg = Debug|Win32
		{B8A0EEB7-8A72-42F4-8673-8A90D8643109}.Debug|x86.Build.0 = Debug|Win32
		{B8A0EEB7-8A72-42F4-8673-8A90D8643109}.Release|x64.ActiveCfg = Release|x64
		{B8A0EEB7-8A72-42F4-8673-8A90D8643109}.Release|x64.Build.0 = Release|x64
		{B8A0EEB7-8A72-42F4-8673-8A90D8643109}.Release|x86.ActiveCfg = Release|Win32
		{B8A0EEB7-8A72-42F4-8673-8A90D8643109}.Release|x86.Build.0 = Release|Win32
		{7304B232-8902-4E24-BFE8-76F8EF35DFBA}.Debug|x64.ActiveCfg = Debug|x64
		{7304B232-8902-4E24-BFE8-76F8EF35DFBA}.Debug|x64.Build.0 = Debug|x64
		{7304B232-8902-4E24-BFE8-76F8EF35DFBA}.Debug|x86.ActiveCfg = Debug|Win32
		{7304B232-8902-4E24-BFE8-76F8EF35DFBA}.Debug|x86.Build.0 = Debug|Win32
		{7304B232-8902-4E24-BFE8-76F8EF35DFBA}.Release|x64.ActiveCfg = Release|x64
		{7304B232-8902-4E24-BFE8-76F8EF35DFBA}.Release|x64.Build.0 = Release|x64
		{7304B232-8902-4E24-BFE8-76F8EF35DFBA}.Release|x86.ActiveCfg = Release|Win32
		{7304B232-8902-4E24-BFE8-76F8EF35DFBA}.Release|x86.Build.0 = Release|Win32
		{0440453F-AD45-479D-89B6-1AD20DAB936B}.Debug|x64.ActiveCfg = Debug|x64
		{0440453F-AD45-479D-89B6-1AD20DAB936B}.Debug|x64.Build.0 = Debug|x64
		{0440453F-AD45-479D-89B6-1AD20DAB936B}.Debug|x86.ActiveCfg = Debug|Win32
		{0440453F-AD45-479D-89B6-1AD20DAB936B}.Debug|x86.Build.0 = Debug|Win32
		{0440453F-AD45-479D-89B6-1AD20DAB936B}.Release|x64.ActiveCfg = Release|x64
		{0440453F-AD45-479D-89B6-1AD20DAB936B}.Release|x64.Build.0 = Release|x64
		{0440453F-AD45-479D-89B6-1AD20DAB936B}.Release|x86.ActiveCfg = Release|Win32
		{0440453F-AD45-479D-89B6-1AD20DAB936B}.Release|x86.Build.0 = Release|Win32
		{2171FF81-AAA8-4412-86CF-8B75ACD4F2AA}.Debug|x64.ActiveCfg = Debug|x64
		{2171FF81-AAA8-4412-86CF-8B75ACD4F2AA}.Debug|x64.Build.0 = Debug|x64
		{2171FF81-AAA8-4412-86CF-8B75ACD4F2AA}.Debug|x86.ActiveCfg = Debug|Win32
		{2171FF81-AAA8-4412-86CF-8B75ACD4F2AA}.Debug|x86.Build.0 = Debug|Win32
		{2171FF81-AAA8-4412-86CF-8B75ACD4F2AA}.Release|x64.ActiveCfg = Release|x64
		{2171FF81-AAA8-4412-86CF-8B75ACD4F2AA}.Release|x64.Build.0 = Release|x64
		{2171FF81-AAA8-4412-86CF-8B75ACD4F2AA}.Release|x86.ActiveCfg = Release|Win32
		{2171FF81-AAA8-4412-86CF-8B75ACD4F2AA}.Release|x86.Build.0 = Release|Win32
		{9180D993-F1E0-48B2-8319-3E7469FFCB04}.Debug|x64.ActiveCfg = Debug|x64
		{9180D993-F1E0-48B2-8319-3E7469FFCB04}.Debug|x64.Build.0 = Debug|x64
		{9180D993-F1E0-48B2-8319-3E7469FFCB04}.Debug|x86.ActiveCfg = Debug|Win32
		{9180D993-F1E0-48B2-8319-3E7469FFCB04}.Debug|x86.Build.0 = Debug|Win32
		{9180D993-F1E0-48B2-8319-3E7469FFCB04}.Release|x64.ActiveCfg = Release|x64
		{9180D993-F1E0-48B2-8319-3E7469FFCB04}.Release|x64.Build.0 = Release|x64
		{9180D993-F1E0-48B2-8319-3E7469FFCB04}.Release|x86.ActiveCfg = Release|Win32
		{9180D993-F1E0-48B2-8319-3E7469FFCB04}.Release|x86.Build.0 = Release|Win32
		{F730EC05-122C-4B86-9058-DD3B4FB9CEE2}.Debug|x64.ActiveCfg = Debug|x64
		{F730EC05-122C-4B86-9058-DD3B4FB9CEE2}.Debug|x64.Build.0 = Debug|x64
		{F730EC05-122C-4B86-9058-DD3B4FB9CEE2}.Debug|x86.ActiveCfg = Debug|Win32
		{F730EC05-122C-4B86-9058-DD3B4FB9CEE2}.Debug|x86.Build.0 = Debug|Win32
		{F730EC05-122C-4B86-9058-DD3B4FB9CEE2}.Release|x64.ActiveCfg = Release|x64
		{F730EC05-122C-4B86-9058-DD3B4FB9CEE2}.Release|x64.Build.0 = Release|x64
		{F730EC05-122C-4B86-9058-DD3B4FB9CEE2}.Release|x86.ActiveCfg = Release|Win32
		{F730EC05-122C-4B86-9058-DD3B4FB9CEE2}.Release|x86.Build.0 = Release|Win32
		{119A0E48-7313-4CD2-AE82-FA9B8113E8DE}.Debug|x64.ActiveCfg = Debug|x64
		{119A0E48-7313-4CD2-AE82-FA9B8113E8DE}.Debug|x64.Build.0 = Debug|x64
		{119A0E48-7313-4CD2-AE82-FA9B8113E8DE}.Debug|x86.ActiveCfg = Debug|Win32
		{119A0E48-7313-4CD2-AE82-FA9B8113E8DE}.Debug|x86.Build.0 = Debug|Win32
		{119A0E48-7313-4CD2-AE82-FA9B8113E8DE}.Release|x64.ActiveCfg = Release|x64
		{119A0E48-7313-4CD2-AE82-FA9B8113E8DE}.Release|x64.Build.0 = Release|x64
		{119A0E48-7313-4CD2-AE82-FA9B8113E8DE}.Release|x86.ActiveCfg = Release|Win32
		{119A0E48-7313-4CD2-AE82-FA9B8113E8DE}.Release|x86.Build.0 = Release|Win32
		{BBE96CFF-8D17-4FC9-95F1-4CB35FB39084}.Debug|x64.ActiveCfg = Debug|x64
		{BBE96CFF-8D17-4FC9-95F1-4CB35FB39084}.Debug|x64.Build.0 = Debug|x64
		{BBE96CFF-8D17-4FC9-95F1-4CB35FB39084}.Debug|x86.ActiveCfg = Debug|Win32
		{BBE96CFF-8D17-4FC9-95F1-4CB35FB39084}.Debug|x86.Build.0 = Debug|Win32
		{BBE96CFF-8D17-4FC9-95F1-4CB35FB39084}.Release|x64.ActiveCfg = Release|x64
		{BBE96CFF-8D17-4FC9-95F1-4CB35FB39084}.Release|x64.Build.0 = Release|x64
		{BBE96CFF-8D17-4FC9-95F1-4CB35FB39084}.Release|x86.ActiveCfg = Release|Win32
		{BBE96CFF-8D17-4FC9-95F1-4CB35FB39084}.Release|x86.Build.0 = Release|Win32
		{942EBB64-74F6-4A8B-A082-08011FE08674}.Debug|x64.ActiveCfg = Debug|x64
		{942EBB64-74F6-4A8B-A082-08011FE08674}.Debug|x64.Build.0 = Debug|x64
		{942EBB64-74F6-4A8B-A082-08011FE08674}.Debug|x86.ActiveCfg = Debug|Win32
		{942EBB64-74F6-4A8B-A082-08011FE08674}.Debug|x86.Build.0 = Debug|Win32
		{942EBB64-74F6-4A8B-A082-08011FE08674}.Release|x64.ActiveCfg = Release|x64
		{942EBB64-74F6-4A8B-A082-08011FE08674}.Release|x64.Build.0 = Release|x64
		{942EBB64-74F6-4A8B-A082-08011FE08674}.Release|x86.ActiveCfg = Release|Win32
		{942EBB64-74F6-4A8B-A082-08011FE08674}.Release|x86.Build.0 = Release|Win32
		{EB117128-6929-450A-932D-A600A54015EF}.Debug|x64.ActiveCfg = Debug|x64
		{EB117128-6929-450A-932D-A600A54015EF}.Debug|x64.Build.0 = Debug|x64
		{EB117128-6929-450A-932D-A600A54015EF}.Debug|x86.ActiveCfg = Debug|Win32
		{EB117128-6929-450A-932D-A600A54015EF}.Debug|x86.Build.0 = Debug|Win32
		{EB117128-6929-450A-932D-A600A54015EF}.Release|x64.ActiveCfg = Release|x64
		{EB117128-6929-450A-932D-A600A54015EF}.Release|x64.Build.0 = Release|x64
		{EB117128-6929-450A-932D-A600A54015EF}.Release|x86.ActiveCfg = Release|Win32
		{EB117128-6929-450A-932D-A600A54015EF}.Release|x86.Build.0 = Release|Win32
		{38BF7627-E7B8-4405-8B49-5453164E1FF6}.Debug|x64.ActiveCfg = Debug|x64
		{38BF7627-E7B8-4405-8B49-5453164E1FF6}.Debug|x64.Build.0 = Debug|x64
		{38BF7627-E7B8-4405-8B49-5453164E1FF6}.Debug|x86.ActiveCfg = Debug|Win32
		{38BF7627-E7B8-4405-8B49-5453164E1FF6}.Debug|x86.Build.0 = Debug|Win32
		{38BF7627-E7B8-4405-8B49-5453164E1FF6}.Release|x64.ActiveCfg = Release|x64
		{38BF7627-E7B8-4405-8B49-5453164E1FF6}.Release|x64.Build.0 = Release|x64
		{38BF7627-E7B8-4405-8B49-5453164E1FF6}.Release|x86.ActiveCfg = Release|Win32
		{38BF7627-E7B8-4405-8B49-5453164E1FF6}.Release|x86.Build.0 = Release|Win32
		{F2666E63-EAC3-4C6B-A942-66859720607C}.Debug|x64.ActiveCfg = Debug|x64
		{F2666E63-EAC3-4C6B-A942-66859720607C}.Debug|x64.Build.0 = Debug|x64
		{F2666E63-EAC3-4C6B-A942-66859720607C}.Debug|x86.ActiveCfg = Debug|Win32
		{F2666E63-EAC3-4C6B-A942-66859720607C}.Debug|x86.Build.0 = Debug|Win32
		{F2666E63-EAC3-4C6B-A942-66859720607C}.Release|x64.ActiveCfg = Release|x64
		{F2666E63-EAC3-4C6B-A942-66859720607C}.Release|x64.Build.0 = Release|x64
		{F2666E63-EAC3-4C6B-A942-66859720607C}.Release|x86.ActiveCfg = Release|Win32
		{F2666E63-EAC3-4C6B-A942-66859720607C}.Release|x86.Build.0 = Release|Win32
		{13D25393-1A96-4375-84D4-FB5EF17BDA86}.Debug|x64.ActiveCfg = Debug|x64
		{13D25393-1A96-4375-84D4-FB5EF17BDA86}.Debug|x64.Build.0 = Debug|x64
		{13D25393-1A96-4375-84D4-FB5EF17BDA86}.Debug|x86.ActiveCfg = Debug|Win32
		{13D25393-1A96-4375-84D4-FB5EF17BDA86}.Debug|x86.Build.0 = Debug|Win32
		{13D25393-1A96-4375-84D4-FB5EF17BDA86}.Release|x64.ActiveCfg = Release|x64
		{13D25393-1A96-4375-84D4-FB5EF17BDA86}.Release|x64.Build.0 = Release|x64
		{13D25393-1A96-4375-84D4-FB5EF17BDA86}.Release|x86.ActiveCfg = Release|Win32
		{13D25393-1A96-4375-84D4-FB5EF17BDA86}.Release|x86.Build.0 = Release|Win32
		{B85543E2-DB36-40E5-9904-B1595F0BFEB9}.Debug|x64.ActiveCfg = Debug|x64
		{B85543E2-DB36-40E5-9904-B1595F0BFEB9}.Debug|x64.Build.0 = Debug|x64
		{B85543E2-DB36-40E5-9904-B1595F0BFEB9}.Debug|x86.ActiveCfg = Debug|Win32
		{B85543E2-DB36-40E5-9904-B1595F0BFEB9}.Debug|x86.Build.0 = Debug|Win32
		{B85543E2-DB36-40E5-9904-B1595F0BFEB9}.Release|x64.ActiveCfg = Release|x64
		{B85543E2-DB36-40E5-9904-B1595F0BFEB9}.Release|x64.Build.0 = Release|x64
		{B85543E2-DB36-40E5-9904-B1595F0BFEB9}.Release|x86.ActiveCfg = Release|Win32
		{B85543E2-DB36-40E5-9904-B1595F0BFEB9}.Release|x86.Build.0 = Release|Win32
		{6112689F-383B-40C4-ADE3-ED382C1411AE}.Debug|x64.ActiveCfg = Debug|x64
		{6112689F-383B-40C4-ADE3-ED382C1411AE}.Debug|x64.Build.0 = Debug|x64
		{6112689F-383B-40C4-ADE3-ED382C1411AE}.Debug|x86.ActiveCfg = Debug|Win32
		{6112689F-383B-40C4-ADE3-ED382C1411AE}.Debug|x86.Build.0 = Debug|Win32
		{6112689F-383B-40C4-ADE3-ED382C1411AE}.Release|x64.ActiveCfg = Release|x64
		{6112689F-383B-40C4-ADE3-ED382C1411AE}.Release|x64.Build.0 = Release|x64
		{6112689F-383B-40C4-ADE3-ED382C1411AE}.Release|x86.ActiveCfg = Release|Win32
		{6112689F-383B-40C4-ADE3-ED382C1411AE}.Release|x86.Build.0 = Release|Win32
	EndGlobalSection
	GlobalSection(SolutionProperties) = preSolution
		HideSolutionNode = FALSE
	EndGlobalSection
	GlobalSection(ExtensibilityGlobals) = postSolution
		SolutionGuid = {6825D3B5-43E5-4C99-8130-A0419711DF5F}
	EndGlobalSection
EndGlobal
